// !$*UTF8*$!
{
	archiveVersion = 1;
	classes = {
	};
	objectVersion = 52;
	objects = {

/* Begin PBXBuildFile section */
		424000092625BC3300D8C6FF /* PizzaAppTests.swift in Sources */ = {isa = PBXBuildFile; fileRef = 424000082625BC3300D8C6FF /* PizzaAppTests.swift */; };
		424000142625BC3300D8C6FF /* PizzaAppUITests.swift in Sources */ = {isa = PBXBuildFile; fileRef = 424000132625BC3300D8C6FF /* PizzaAppUITests.swift */; };
		4240FFF22625BC3000D8C6FF /* AppDelegate.swift in Sources */ = {isa = PBXBuildFile; fileRef = 4240FFF12625BC3000D8C6FF /* AppDelegate.swift */; };
		4240FFF42625BC3000D8C6FF /* SceneDelegate.swift in Sources */ = {isa = PBXBuildFile; fileRef = 4240FFF32625BC3000D8C6FF /* SceneDelegate.swift */; };
		4240FFF62625BC3000D8C6FF /* ViewController.swift in Sources */ = {isa = PBXBuildFile; fileRef = 4240FFF52625BC3000D8C6FF /* ViewController.swift */; };
		4240FFF92625BC3000D8C6FF /* Main.storyboard in Resources */ = {isa = PBXBuildFile; fileRef = 4240FFF72625BC3000D8C6FF /* Main.storyboard */; };
		4240FFFB2625BC3200D8C6FF /* Assets.xcassets in Resources */ = {isa = PBXBuildFile; fileRef = 4240FFFA2625BC3200D8C6FF /* Assets.xcassets */; };
		4240FFFE2625BC3200D8C6FF /* LaunchScreen.storyboard in Resources */ = {isa = PBXBuildFile; fileRef = 4240FFFC2625BC3200D8C6FF /* LaunchScreen.storyboard */; };
		427436862625BE9300C77929 /* Signin.swift in Sources */ = {isa = PBXBuildFile; fileRef = 427436852625BE9300C77929 /* Signin.swift */; };
		4274368E2625BF0200C77929 /* Pizza.swift in Sources */ = {isa = PBXBuildFile; fileRef = 4274368D2625BF0200C77929 /* Pizza.swift */; };
		427436952625C08600C77929 /* Alamofire in Frameworks */ = {isa = PBXBuildFile; productRef = 427436942625C08600C77929 /* Alamofire */; };
		4274369A2625C0C400C77929 /* BaseRepository.swift in Sources */ = {isa = PBXBuildFile; fileRef = 427436992625C0C400C77929 /* BaseRepository.swift */; };
		4274369F2625CAE600C77929 /* HttpMethod.swift in Sources */ = {isa = PBXBuildFile; fileRef = 4274369E2625CAE600C77929 /* HttpMethod.swift */; };
/* End PBXBuildFile section */

/* Begin PBXContainerItemProxy section */
		424000052625BC3300D8C6FF /* PBXContainerItemProxy */ = {
			isa = PBXContainerItemProxy;
			containerPortal = 4240FFE62625BC3000D8C6FF /* Project object */;
			proxyType = 1;
			remoteGlobalIDString = 4240FFED2625BC3000D8C6FF;
			remoteInfo = PizzaApp;
		};
		424000102625BC3300D8C6FF /* PBXContainerItemProxy */ = {
			isa = PBXContainerItemProxy;
			containerPortal = 4240FFE62625BC3000D8C6FF /* Project object */;
			proxyType = 1;
			remoteGlobalIDString = 4240FFED2625BC3000D8C6FF;
			remoteInfo = PizzaApp;
		};
/* End PBXContainerItemProxy section */

/* Begin PBXFileReference section */
		424000042625BC3300D8C6FF /* PizzaAppTests.xctest */ = {isa = PBXFileReference; explicitFileType = wrapper.cfbundle; includeInIndex = 0; path = PizzaAppTests.xctest; sourceTree = BUILT_PRODUCTS_DIR; };
		424000082625BC3300D8C6FF /* PizzaAppTests.swift */ = {isa = PBXFileReference; lastKnownFileType = sourcecode.swift; path = PizzaAppTests.swift; sourceTree = "<group>"; };
		4240000A2625BC3300D8C6FF /* Info.plist */ = {isa = PBXFileReference; lastKnownFileType = text.plist.xml; path = Info.plist; sourceTree = "<group>"; };
		4240000F2625BC3300D8C6FF /* PizzaAppUITests.xctest */ = {isa = PBXFileReference; explicitFileType = wrapper.cfbundle; includeInIndex = 0; path = PizzaAppUITests.xctest; sourceTree = BUILT_PRODUCTS_DIR; };
		424000132625BC3300D8C6FF /* PizzaAppUITests.swift */ = {isa = PBXFileReference; lastKnownFileType = sourcecode.swift; path = PizzaAppUITests.swift; sourceTree = "<group>"; };
		424000152625BC3300D8C6FF /* Info.plist */ = {isa = PBXFileReference; lastKnownFileType = text.plist.xml; path = Info.plist; sourceTree = "<group>"; };
		4240FFEE2625BC3000D8C6FF /* PizzaApp.app */ = {isa = PBXFileReference; explicitFileType = wrapper.application; includeInIndex = 0; path = PizzaApp.app; sourceTree = BUILT_PRODUCTS_DIR; };
		4240FFF12625BC3000D8C6FF /* AppDelegate.swift */ = {isa = PBXFileReference; lastKnownFileType = sourcecode.swift; path = AppDelegate.swift; sourceTree = "<group>"; };
		4240FFF32625BC3000D8C6FF /* SceneDelegate.swift */ = {isa = PBXFileReference; lastKnownFileType = sourcecode.swift; path = SceneDelegate.swift; sourceTree = "<group>"; };
		4240FFF52625BC3000D8C6FF /* ViewController.swift */ = {isa = PBXFileReference; lastKnownFileType = sourcecode.swift; path = ViewController.swift; sourceTree = "<group>"; };
		4240FFF82625BC3000D8C6FF /* Base */ = {isa = PBXFileReference; lastKnownFileType = file.storyboard; name = Base; path = Base.lproj/Main.storyboard; sourceTree = "<group>"; };
		4240FFFA2625BC3200D8C6FF /* Assets.xcassets */ = {isa = PBXFileReference; lastKnownFileType = folder.assetcatalog; path = Assets.xcassets; sourceTree = "<group>"; };
		4240FFFD2625BC3200D8C6FF /* Base */ = {isa = PBXFileReference; lastKnownFileType = file.storyboard; name = Base; path = Base.lproj/LaunchScreen.storyboard; sourceTree = "<group>"; };
		4240FFFF2625BC3200D8C6FF /* Info.plist */ = {isa = PBXFileReference; lastKnownFileType = text.plist.xml; path = Info.plist; sourceTree = "<group>"; };
		427436852625BE9300C77929 /* Signin.swift */ = {isa = PBXFileReference; lastKnownFileType = sourcecode.swift; path = Signin.swift; sourceTree = "<group>"; };
		4274368D2625BF0200C77929 /* Pizza.swift */ = {isa = PBXFileReference; lastKnownFileType = sourcecode.swift; path = Pizza.swift; sourceTree = "<group>"; };
		427436992625C0C400C77929 /* BaseRepository.swift */ = {isa = PBXFileReference; lastKnownFileType = sourcecode.swift; path = BaseRepository.swift; sourceTree = "<group>"; };
		4274369E2625CAE600C77929 /* HttpMethod.swift */ = {isa = PBXFileReference; lastKnownFileType = sourcecode.swift; path = HttpMethod.swift; sourceTree = "<group>"; };
/* End PBXFileReference section */

/* Begin PBXFrameworksBuildPhase section */
		424000012625BC3300D8C6FF /* Frameworks */ = {
			isa = PBXFrameworksBuildPhase;
			buildActionMask = 2147483647;
			files = (
			);
			runOnlyForDeploymentPostprocessing = 0;
		};
		4240000C2625BC3300D8C6FF /* Frameworks */ = {
			isa = PBXFrameworksBuildPhase;
			buildActionMask = 2147483647;
			files = (
			);
			runOnlyForDeploymentPostprocessing = 0;
		};
		4240FFEB2625BC3000D8C6FF /* Frameworks */ = {
			isa = PBXFrameworksBuildPhase;
			buildActionMask = 2147483647;
			files = (
				427436952625C08600C77929 /* Alamofire in Frameworks */,
			);
			runOnlyForDeploymentPostprocessing = 0;
		};
/* End PBXFrameworksBuildPhase section */

/* Begin PBXGroup section */
		424000072625BC3300D8C6FF /* PizzaAppTests */ = {
			isa = PBXGroup;
			children = (
				424000082625BC3300D8C6FF /* PizzaAppTests.swift */,
				4240000A2625BC3300D8C6FF /* Info.plist */,
			);
			path = PizzaAppTests;
			sourceTree = "<group>";
		};
		424000122625BC3300D8C6FF /* PizzaAppUITests */ = {
			isa = PBXGroup;
			children = (
				424000132625BC3300D8C6FF /* PizzaAppUITests.swift */,
				424000152625BC3300D8C6FF /* Info.plist */,
			);
			path = PizzaAppUITests;
			sourceTree = "<group>";
		};
		4240FFE52625BC3000D8C6FF = {
			isa = PBXGroup;
			children = (
				4240FFF02625BC3000D8C6FF /* PizzaApp */,
				424000072625BC3300D8C6FF /* PizzaAppTests */,
				424000122625BC3300D8C6FF /* PizzaAppUITests */,
				4240FFEF2625BC3000D8C6FF /* Products */,
			);
			sourceTree = "<group>";
		};
		4240FFEF2625BC3000D8C6FF /* Products */ = {
			isa = PBXGroup;
			children = (
				4240FFEE2625BC3000D8C6FF /* PizzaApp.app */,
				424000042625BC3300D8C6FF /* PizzaAppTests.xctest */,
				4240000F2625BC3300D8C6FF /* PizzaAppUITests.xctest */,
			);
			name = Products;
			sourceTree = "<group>";
		};
		4240FFF02625BC3000D8C6FF /* PizzaApp */ = {
			isa = PBXGroup;
			children = (
				427436922625BF7A00C77929 /* Networking */,
				427436842625BE7600C77929 /* Models */,
				4240FFF12625BC3000D8C6FF /* AppDelegate.swift */,
				4240FFF32625BC3000D8C6FF /* SceneDelegate.swift */,
				4240FFF52625BC3000D8C6FF /* ViewController.swift */,
				4240FFF72625BC3000D8C6FF /* Main.storyboard */,
				4240FFFA2625BC3200D8C6FF /* Assets.xcassets */,
				4240FFFC2625BC3200D8C6FF /* LaunchScreen.storyboard */,
				4240FFFF2625BC3200D8C6FF /* Info.plist */,
			);
			path = PizzaApp;
			sourceTree = "<group>";
		};
		427436842625BE7600C77929 /* Models */ = {
			isa = PBXGroup;
			children = (
				427436852625BE9300C77929 /* Signin.swift */,
				4274368D2625BF0200C77929 /* Pizza.swift */,
			);
			path = Models;
			sourceTree = "<group>";
		};
		427436922625BF7A00C77929 /* Networking */ = {
			isa = PBXGroup;
			children = (
				427436992625C0C400C77929 /* BaseRepository.swift */,
				4274369E2625CAE600C77929 /* HttpMethod.swift */,
			);
			path = Networking;
			sourceTree = "<group>";
		};
/* End PBXGroup section */

/* Begin PBXNativeTarget section */
		424000032625BC3300D8C6FF /* PizzaAppTests */ = {
			isa = PBXNativeTarget;
			buildConfigurationList = 4240001B2625BC3300D8C6FF /* Build configuration list for PBXNativeTarget "PizzaAppTests" */;
			buildPhases = (
				424000002625BC3300D8C6FF /* Sources */,
				424000012625BC3300D8C6FF /* Frameworks */,
				424000022625BC3300D8C6FF /* Resources */,
			);
			buildRules = (
			);
			dependencies = (
				424000062625BC3300D8C6FF /* PBXTargetDependency */,
			);
			name = PizzaAppTests;
			productName = PizzaAppTests;
			productReference = 424000042625BC3300D8C6FF /* PizzaAppTests.xctest */;
			productType = "com.apple.product-type.bundle.unit-test";
		};
		4240000E2625BC3300D8C6FF /* PizzaAppUITests */ = {
			isa = PBXNativeTarget;
			buildConfigurationList = 4240001E2625BC3300D8C6FF /* Build configuration list for PBXNativeTarget "PizzaAppUITests" */;
			buildPhases = (
				4240000B2625BC3300D8C6FF /* Sources */,
				4240000C2625BC3300D8C6FF /* Frameworks */,
				4240000D2625BC3300D8C6FF /* Resources */,
			);
			buildRules = (
			);
			dependencies = (
				424000112625BC3300D8C6FF /* PBXTargetDependency */,
			);
			name = PizzaAppUITests;
			productName = PizzaAppUITests;
			productReference = 4240000F2625BC3300D8C6FF /* PizzaAppUITests.xctest */;
			productType = "com.apple.product-type.bundle.ui-testing";
		};
		4240FFED2625BC3000D8C6FF /* PizzaApp */ = {
			isa = PBXNativeTarget;
			buildConfigurationList = 424000182625BC3300D8C6FF /* Build configuration list for PBXNativeTarget "PizzaApp" */;
			buildPhases = (
				4240FFEA2625BC3000D8C6FF /* Sources */,
				4240FFEB2625BC3000D8C6FF /* Frameworks */,
				4240FFEC2625BC3000D8C6FF /* Resources */,
			);
			buildRules = (
			);
			dependencies = (
			);
			name = PizzaApp;
			packageProductDependencies = (
				427436942625C08600C77929 /* Alamofire */,
			);
			productName = PizzaApp;
			productReference = 4240FFEE2625BC3000D8C6FF /* PizzaApp.app */;
			productType = "com.apple.product-type.application";
		};
/* End PBXNativeTarget section */

/* Begin PBXProject section */
		4240FFE62625BC3000D8C6FF /* Project object */ = {
			isa = PBXProject;
			attributes = {
				LastSwiftUpdateCheck = 1240;
				LastUpgradeCheck = 1240;
				TargetAttributes = {
					424000032625BC3300D8C6FF = {
						CreatedOnToolsVersion = 12.4;
						TestTargetID = 4240FFED2625BC3000D8C6FF;
					};
					4240000E2625BC3300D8C6FF = {
						CreatedOnToolsVersion = 12.4;
						TestTargetID = 4240FFED2625BC3000D8C6FF;
					};
					4240FFED2625BC3000D8C6FF = {
						CreatedOnToolsVersion = 12.4;
					};
				};
			};
			buildConfigurationList = 4240FFE92625BC3000D8C6FF /* Build configuration list for PBXProject "PizzaApp" */;
			compatibilityVersion = "Xcode 9.3";
			developmentRegion = en;
			hasScannedForEncodings = 0;
			knownRegions = (
				en,
				Base,
			);
			mainGroup = 4240FFE52625BC3000D8C6FF;
			packageReferences = (
				427436932625C08600C77929 /* XCRemoteSwiftPackageReference "Alamofire" */,
			);
			productRefGroup = 4240FFEF2625BC3000D8C6FF /* Products */;
			projectDirPath = "";
			projectRoot = "";
			targets = (
				4240FFED2625BC3000D8C6FF /* PizzaApp */,
				424000032625BC3300D8C6FF /* PizzaAppTests */,
				4240000E2625BC3300D8C6FF /* PizzaAppUITests */,
			);
		};
/* End PBXProject section */

/* Begin PBXResourcesBuildPhase section */
		424000022625BC3300D8C6FF /* Resources */ = {
			isa = PBXResourcesBuildPhase;
			buildActionMask = 2147483647;
			files = (
			);
			runOnlyForDeploymentPostprocessing = 0;
		};
		4240000D2625BC3300D8C6FF /* Resources */ = {
			isa = PBXResourcesBuildPhase;
			buildActionMask = 2147483647;
			files = (
			);
			runOnlyForDeploymentPostprocessing = 0;
		};
		4240FFEC2625BC3000D8C6FF /* Resources */ = {
			isa = PBXResourcesBuildPhase;
			buildActionMask = 2147483647;
			files = (
				4240FFFE2625BC3200D8C6FF /* LaunchScreen.storyboard in Resources */,
				4240FFFB2625BC3200D8C6FF /* Assets.xcassets in Resources */,
				4240FFF92625BC3000D8C6FF /* Main.storyboard in Resources */,
			);
			runOnlyForDeploymentPostprocessing = 0;
		};
/* End PBXResourcesBuildPhase section */

/* Begin PBXSourcesBuildPhase section */
		424000002625BC3300D8C6FF /* Sources */ = {
			isa = PBXSourcesBuildPhase;
			buildActionMask = 2147483647;
			files = (
				424000092625BC3300D8C6FF /* PizzaAppTests.swift in Sources */,
			);
			runOnlyForDeploymentPostprocessing = 0;
		};
		4240000B2625BC3300D8C6FF /* Sources */ = {
			isa = PBXSourcesBuildPhase;
			buildActionMask = 2147483647;
			files = (
				424000142625BC3300D8C6FF /* PizzaAppUITests.swift in Sources */,
			);
			runOnlyForDeploymentPostprocessing = 0;
		};
		4240FFEA2625BC3000D8C6FF /* Sources */ = {
			isa = PBXSourcesBuildPhase;
			buildActionMask = 2147483647;
			files = (
				4274369A2625C0C400C77929 /* BaseRepository.swift in Sources */,
				4240FFF62625BC3000D8C6FF /* ViewController.swift in Sources */,
				4240FFF22625BC3000D8C6FF /* AppDelegate.swift in Sources */,
				4274369F2625CAE600C77929 /* HttpMethod.swift in Sources */,
				4240FFF42625BC3000D8C6FF /* SceneDelegate.swift in Sources */,
				4274368E2625BF0200C77929 /* Pizza.swift in Sources */,
				427436862625BE9300C77929 /* Signin.swift in Sources */,
			);
			runOnlyForDeploymentPostprocessing = 0;
		};
/* End PBXSourcesBuildPhase section */

/* Begin PBXTargetDependency section */
		424000062625BC3300D8C6FF /* PBXTargetDependency */ = {
			isa = PBXTargetDependency;
			target = 4240FFED2625BC3000D8C6FF /* PizzaApp */;
			targetProxy = 424000052625BC3300D8C6FF /* PBXContainerItemProxy */;
		};
		424000112625BC3300D8C6FF /* PBXTargetDependency */ = {
			isa = PBXTargetDependency;
			target = 4240FFED2625BC3000D8C6FF /* PizzaApp */;
			targetProxy = 424000102625BC3300D8C6FF /* PBXContainerItemProxy */;
		};
/* End PBXTargetDependency section */

/* Begin PBXVariantGroup section */
		4240FFF72625BC3000D8C6FF /* Main.storyboard */ = {
			isa = PBXVariantGroup;
			children = (
				4240FFF82625BC3000D8C6FF /* Base */,
			);
			name = Main.storyboard;
			sourceTree = "<group>";
		};
		4240FFFC2625BC3200D8C6FF /* LaunchScreen.storyboard */ = {
			isa = PBXVariantGroup;
			children = (
				4240FFFD2625BC3200D8C6FF /* Base */,
			);
			name = LaunchScreen.storyboard;
			sourceTree = "<group>";
		};
/* End PBXVariantGroup section */

/* Begin XCBuildConfiguration section */
		424000162625BC3300D8C6FF /* Debug */ = {
			isa = XCBuildConfiguration;
			buildSettings = {
				ALWAYS_SEARCH_USER_PATHS = NO;
				CLANG_ANALYZER_NONNULL = YES;
				CLANG_ANALYZER_NUMBER_OBJECT_CONVERSION = YES_AGGRESSIVE;
				CLANG_CXX_LANGUAGE_STANDARD = "gnu++14";
				CLANG_CXX_LIBRARY = "libc++";
				CLANG_ENABLE_MODULES = YES;
				CLANG_ENABLE_OBJC_ARC = YES;
				CLANG_ENABLE_OBJC_WEAK = YES;
				CLANG_WARN_BLOCK_CAPTURE_AUTORELEASING = YES;
				CLANG_WARN_BOOL_CONVERSION = YES;
				CLANG_WARN_COMMA = YES;
				CLANG_WARN_CONSTANT_CONVERSION = YES;
				CLANG_WARN_DEPRECATED_OBJC_IMPLEMENTATIONS = YES;
				CLANG_WARN_DIRECT_OBJC_ISA_USAGE = YES_ERROR;
				CLANG_WARN_DOCUMENTATION_COMMENTS = YES;
				CLANG_WARN_EMPTY_BODY = YES;
				CLANG_WARN_ENUM_CONVERSION = YES;
				CLANG_WARN_INFINITE_RECURSION = YES;
				CLANG_WARN_INT_CONVERSION = YES;
				CLANG_WARN_NON_LITERAL_NULL_CONVERSION = YES;
				CLANG_WARN_OBJC_IMPLICIT_RETAIN_SELF = YES;
				CLANG_WARN_OBJC_LITERAL_CONVERSION = YES;
				CLANG_WARN_OBJC_ROOT_CLASS = YES_ERROR;
				CLANG_WARN_QUOTED_INCLUDE_IN_FRAMEWORK_HEADER = YES;
				CLANG_WARN_RANGE_LOOP_ANALYSIS = YES;
				CLANG_WARN_STRICT_PROTOTYPES = YES;
				CLANG_WARN_SUSPICIOUS_MOVE = YES;
				CLANG_WARN_UNGUARDED_AVAILABILITY = YES_AGGRESSIVE;
				CLANG_WARN_UNREACHABLE_CODE = YES;
				CLANG_WARN__DUPLICATE_METHOD_MATCH = YES;
				COPY_PHASE_STRIP = NO;
				DEBUG_INFORMATION_FORMAT = dwarf;
				ENABLE_STRICT_OBJC_MSGSEND = YES;
				ENABLE_TESTABILITY = YES;
				GCC_C_LANGUAGE_STANDARD = gnu11;
				GCC_DYNAMIC_NO_PIC = NO;
				GCC_NO_COMMON_BLOCKS = YES;
				GCC_OPTIMIZATION_LEVEL = 0;
				GCC_PREPROCESSOR_DEFINITIONS = (
					"DEBUG=1",
					"$(inherited)",
				);
				GCC_WARN_64_TO_32_BIT_CONVERSION = YES;
				GCC_WARN_ABOUT_RETURN_TYPE = YES_ERROR;
				GCC_WARN_UNDECLARED_SELECTOR = YES;
				GCC_WARN_UNINITIALIZED_AUTOS = YES_AGGRESSIVE;
				GCC_WARN_UNUSED_FUNCTION = YES;
				GCC_WARN_UNUSED_VARIABLE = YES;
				IPHONEOS_DEPLOYMENT_TARGET = 14.4;
				MTL_ENABLE_DEBUG_INFO = INCLUDE_SOURCE;
				MTL_FAST_MATH = YES;
				ONLY_ACTIVE_ARCH = YES;
				SDKROOT = iphoneos;
				SWIFT_ACTIVE_COMPILATION_CONDITIONS = DEBUG;
				SWIFT_OPTIMIZATION_LEVEL = "-Onone";
			};
			name = Debug;
		};
		424000172625BC3300D8C6FF /* Release */ = {
			isa = XCBuildConfiguration;
			buildSettings = {
				ALWAYS_SEARCH_USER_PATHS = NO;
				CLANG_ANALYZER_NONNULL = YES;
				CLANG_ANALYZER_NUMBER_OBJECT_CONVERSION = YES_AGGRESSIVE;
				CLANG_CXX_LANGUAGE_STANDARD = "gnu++14";
				CLANG_CXX_LIBRARY = "libc++";
				CLANG_ENABLE_MODULES = YES;
				CLANG_ENABLE_OBJC_ARC = YES;
				CLANG_ENABLE_OBJC_WEAK = YES;
				CLANG_WARN_BLOCK_CAPTURE_AUTORELEASING = YES;
				CLANG_WARN_BOOL_CONVERSION = YES;
				CLANG_WARN_COMMA = YES;
				CLANG_WARN_CONSTANT_CONVERSION = YES;
				CLANG_WARN_DEPRECATED_OBJC_IMPLEMENTATIONS = YES;
				CLANG_WARN_DIRECT_OBJC_ISA_USAGE = YES_ERROR;
				CLANG_WARN_DOCUMENTATION_COMMENTS = YES;
				CLANG_WARN_EMPTY_BODY = YES;
				CLANG_WARN_ENUM_CONVERSION = YES;
				CLANG_WARN_INFINITE_RECURSION = YES;
				CLANG_WARN_INT_CONVERSION = YES;
				CLANG_WARN_NON_LITERAL_NULL_CONVERSION = YES;
				CLANG_WARN_OBJC_IMPLICIT_RETAIN_SELF = YES;
				CLANG_WARN_OBJC_LITERAL_CONVERSION = YES;
				CLANG_WARN_OBJC_ROOT_CLASS = YES_ERROR;
				CLANG_WARN_QUOTED_INCLUDE_IN_FRAMEWORK_HEADER = YES;
				CLANG_WARN_RANGE_LOOP_ANALYSIS = YES;
				CLANG_WARN_STRICT_PROTOTYPES = YES;
				CLANG_WARN_SUSPICIOUS_MOVE = YES;
				CLANG_WARN_UNGUARDED_AVAILABILITY = YES_AGGRESSIVE;
				CLANG_WARN_UNREACHABLE_CODE = YES;
				CLANG_WARN__DUPLICATE_METHOD_MATCH = YES;
				COPY_PHASE_STRIP = NO;
				DEBUG_INFORMATION_FORMAT = "dwarf-with-dsym";
				ENABLE_NS_ASSERTIONS = NO;
				ENABLE_STRICT_OBJC_MSGSEND = YES;
				GCC_C_LANGUAGE_STANDARD = gnu11;
				GCC_NO_COMMON_BLOCKS = YES;
				GCC_WARN_64_TO_32_BIT_CONVERSION = YES;
				GCC_WARN_ABOUT_RETURN_TYPE = YES_ERROR;
				GCC_WARN_UNDECLARED_SELECTOR = YES;
				GCC_WARN_UNINITIALIZED_AUTOS = YES_AGGRESSIVE;
				GCC_WARN_UNUSED_FUNCTION = YES;
				GCC_WARN_UNUSED_VARIABLE = YES;
				IPHONEOS_DEPLOYMENT_TARGET = 14.4;
				MTL_ENABLE_DEBUG_INFO = NO;
				MTL_FAST_MATH = YES;
				SDKROOT = iphoneos;
				SWIFT_COMPILATION_MODE = wholemodule;
				SWIFT_OPTIMIZATION_LEVEL = "-O";
				VALIDATE_PRODUCT = YES;
			};
			name = Release;
		};
		424000192625BC3300D8C6FF /* Debug */ = {
			isa = XCBuildConfiguration;
			buildSettings = {
				ASSETCATALOG_COMPILER_APPICON_NAME = AppIcon;
				ASSETCATALOG_COMPILER_GLOBAL_ACCENT_COLOR_NAME = AccentColor;
				CODE_SIGN_STYLE = Automatic;
				DEVELOPMENT_TEAM = HPXMDUH97M;
				INFOPLIST_FILE = PizzaApp/Info.plist;
				LD_RUNPATH_SEARCH_PATHS = (
					"$(inherited)",
					"@executable_path/Frameworks",
				);
				PRODUCT_BUNDLE_IDENTIFIER = br.com.cleis.PizzaApp;
				PRODUCT_NAME = "$(TARGET_NAME)";
				SWIFT_VERSION = 5.0;
				TARGETED_DEVICE_FAMILY = "1,2";
			};
			name = Debug;
		};
		4240001A2625BC3300D8C6FF /* Release */ = {
			isa = XCBuildConfiguration;
			buildSettings = {
				ASSETCATALOG_COMPILER_APPICON_NAME = AppIcon;
				ASSETCATALOG_COMPILER_GLOBAL_ACCENT_COLOR_NAME = AccentColor;
				CODE_SIGN_STYLE = Automatic;
				DEVELOPMENT_TEAM = HPXMDUH97M;
				INFOPLIST_FILE = PizzaApp/Info.plist;
				LD_RUNPATH_SEARCH_PATHS = (
					"$(inherited)",
					"@executable_path/Frameworks",
				);
				PRODUCT_BUNDLE_IDENTIFIER = br.com.cleis.PizzaApp;
				PRODUCT_NAME = "$(TARGET_NAME)";
				SWIFT_VERSION = 5.0;
				TARGETED_DEVICE_FAMILY = "1,2";
			};
			name = Release;
		};
		4240001C2625BC3300D8C6FF /* Debug */ = {
			isa = XCBuildConfiguration;
			buildSettings = {
				ALWAYS_EMBED_SWIFT_STANDARD_LIBRARIES = YES;
				BUNDLE_LOADER = "$(TEST_HOST)";
				CODE_SIGN_STYLE = Automatic;
				DEVELOPMENT_TEAM = HPXMDUH97M;
				INFOPLIST_FILE = PizzaAppTests/Info.plist;
				IPHONEOS_DEPLOYMENT_TARGET = 14.4;
				LD_RUNPATH_SEARCH_PATHS = (
					"$(inherited)",
					"@executable_path/Frameworks",
					"@loader_path/Frameworks",
				);
				PRODUCT_BUNDLE_IDENTIFIER = br.com.cleis.PizzaAppTests;
				PRODUCT_NAME = "$(TARGET_NAME)";
				SWIFT_VERSION = 5.0;
				TARGETED_DEVICE_FAMILY = "1,2";
				TEST_HOST = "$(BUILT_PRODUCTS_DIR)/PizzaApp.app/PizzaApp";
			};
			name = Debug;
		};
		4240001D2625BC3300D8C6FF /* Release */ = {
			isa = XCBuildConfiguration;
			buildSettings = {
				ALWAYS_EMBED_SWIFT_STANDARD_LIBRARIES = YES;
				BUNDLE_LOADER = "$(TEST_HOST)";
				CODE_SIGN_STYLE = Automatic;
				DEVELOPMENT_TEAM = HPXMDUH97M;
				INFOPLIST_FILE = PizzaAppTests/Info.plist;
				IPHONEOS_DEPLOYMENT_TARGET = 14.4;
				LD_RUNPATH_SEARCH_PATHS = (
					"$(inherited)",
					"@executable_path/Frameworks",
					"@loader_path/Frameworks",
				);
				PRODUCT_BUNDLE_IDENTIFIER = br.com.cleis.PizzaAppTests;
				PRODUCT_NAME = "$(TARGET_NAME)";
				SWIFT_VERSION = 5.0;
				TARGETED_DEVICE_FAMILY = "1,2";
				TEST_HOST = "$(BUILT_PRODUCTS_DIR)/PizzaApp.app/PizzaApp";
			};
			name = Release;
		};
		4240001F2625BC3300D8C6FF /* Debug */ = {
			isa = XCBuildConfiguration;
			buildSettings = {
				ALWAYS_EMBED_SWIFT_STANDARD_LIBRARIES = YES;
				CODE_SIGN_STYLE = Automatic;
				DEVELOPMENT_TEAM = HPXMDUH97M;
				INFOPLIST_FILE = PizzaAppUITests/Info.plist;
				LD_RUNPATH_SEARCH_PATHS = (
					"$(inherited)",
					"@executable_path/Frameworks",
					"@loader_path/Frameworks",
				);
				PRODUCT_BUNDLE_IDENTIFIER = br.com.cleis.PizzaAppUITests;
				PRODUCT_NAME = "$(TARGET_NAME)";
				SWIFT_VERSION = 5.0;
				TARGETED_DEVICE_FAMILY = "1,2";
				TEST_TARGET_NAME = PizzaApp;
			};
			name = Debug;
		};
		424000202625BC3300D8C6FF /* Release */ = {
			isa = XCBuildConfiguration;
			buildSettings = {
				ALWAYS_EMBED_SWIFT_STANDARD_LIBRARIES = YES;
				CODE_SIGN_STYLE = Automatic;
				DEVELOPMENT_TEAM = HPXMDUH97M;
				INFOPLIST_FILE = PizzaAppUITests/Info.plist;
				LD_RUNPATH_SEARCH_PATHS = (
					"$(inherited)",
					"@executable_path/Frameworks",
					"@loader_path/Frameworks",
				);
				PRODUCT_BUNDLE_IDENTIFIER = br.com.cleis.PizzaAppUITests;
				PRODUCT_NAME = "$(TARGET_NAME)";
				SWIFT_VERSION = 5.0;
				TARGETED_DEVICE_FAMILY = "1,2";
				TEST_TARGET_NAME = PizzaApp;
			};
			name = Release;
		};
/* End XCBuildConfiguration section */

/* Begin XCConfigurationList section */
		424000182625BC3300D8C6FF /* Build configuration list for PBXNativeTarget "PizzaApp" */ = {
			isa = XCConfigurationList;
			buildConfigurations = (
				424000192625BC3300D8C6FF /* Debug */,
				4240001A2625BC3300D8C6FF /* Release */,
			);
			defaultConfigurationIsVisible = 0;
			defaultConfigurationName = Release;
		};
		4240001B2625BC3300D8C6FF /* Build configuration list for PBXNativeTarget "PizzaAppTests" */ = {
			isa = XCConfigurationList;
			buildConfigurations = (
				4240001C2625BC3300D8C6FF /* Debug */,
				4240001D2625BC3300D8C6FF /* Release */,
			);
			defaultConfigurationIsVisible = 0;
			defaultConfigurationName = Release;
		};
		4240001E2625BC3300D8C6FF /* Build configuration list for PBXNativeTarget "PizzaAppUITests" */ = {
			isa = XCConfigurationList;
			buildConfigurations = (
				4240001F2625BC3300D8C6FF /* Debug */,
				424000202625BC3300D8C6FF /* Release */,
			);
			defaultConfigurationIsVisible = 0;
			defaultConfigurationName = Release;
		};
		4240FFE92625BC3000D8C6FF /* Build configuration list for PBXProject "PizzaApp" */ = {
			isa = XCConfigurationList;
			buildConfigurations = (
				424000162625BC3300D8C6FF /* Debug */,
				424000172625BC3300D8C6FF /* Release */,
			);
			defaultConfigurationIsVisible = 0;
			defaultConfigurationName = Release;
		};
/* End XCConfigurationList section */

/* Begin XCRemoteSwiftPackageReference section */
		427436932625C08600C77929 /* XCRemoteSwiftPackageReference "Alamofire" */ = {
			isa = XCRemoteSwiftPackageReference;
			repositoryURL = "git@github.com:Alamofire/Alamofire.git";
			requirement = {
				kind = upToNextMajorVersion;
				minimumVersion = 5.4.2;
			};
		};
/* End XCRemoteSwiftPackageReference section */

/* Begin XCSwiftPackageProductDependency section */
		427436942625C08600C77929 /* Alamofire */ = {
			isa = XCSwiftPackageProductDependency;
			package = 427436932625C08600C77929 /* XCRemoteSwiftPackageReference "Alamofire" */;
			productName = Alamofire;
		};
/* End XCSwiftPackageProductDependency section */
	};
	rootObject = 4240FFE62625BC3000D8C6FF /* Project object */;
}
